
Microsoft Visual Studio Solution File, Format Version 12.00
# Visual Studio 14
VisualStudioVersion = 14.0.25420.1
MinimumVisualStudioVersion = 10.0.40219.1
Project("{FAE04EC0-301F-11D3-BF4B-00C04F79EFBC}") = "Testing DbContextScope", "Testing DbContextScope\Testing DbContextScope.csproj", "{D2B8D8B5-CCC2-46D8-A9AD-5B7CBF7726AF}"
EndProject
Project("{FAE04EC0-301F-11D3-BF4B-00C04F79EFBC}") = "TestingDbContextScope.Data", "TestingDbContextScope.Data\TestingDbContextScope.Data.csproj", "{58F1E2FA-E6F5-4BC6-873C-6A563297382B}"
EndProject
Project("{FAE04EC0-301F-11D3-BF4B-00C04F79EFBC}") = "TestingDbContextScope.Service", "TestingDbContextScope.Service\TestingDbContextScope.Service.csproj", "{E726A3E6-7D24-4C41-9A5F-31A5F35355B3}"
EndProject
Global
	GlobalSection(SolutionConfigurationPlatforms) = preSolution
		Debug|Any CPU = Debug|Any CPU
		Release|Any CPU = Release|Any CPU
	EndGlobalSection
	GlobalSection(ProjectConfigurationPlatforms) = postSolution
		{D2B8D8B5-CCC2-46D8-A9AD-5B7CBF7726AF}.Debug|Any CPU.ActiveCfg = Debug|Any CPU
		{D2B8D8B5-CCC2-46D8-A9AD-5B7CBF7726AF}.Debug|Any CPU.Build.0 = Debug|Any CPU
		{D2B8D8B5-CCC2-46D8-A9AD-5B7CBF7726AF}.Release|Any CPU.ActiveCfg = Release|Any CPU
		{D2B8D8B5-CCC2-46D8-A9AD-5B7CBF7726AF}.Release|Any CPU.Build.0 = Release|Any CPU
		{58F1E2FA-E6F5-4BC6-873C-6A563297382B}.Debug|Any CPU.ActiveCfg = Debug|Any CPU
		{58F1E2FA-E6F5-4BC6-873C-6A563297382B}.Debug|Any CPU.Build.0 = Debug|Any CPU
		{58F1E2FA-E6F5-4BC6-873C-6A563297382B}.Release|Any CPU.ActiveCfg = Release|Any CPU
		{58F1E2FA-E6F5-4BC6-873C-6A563297382B}.Release|Any CPU.Build.0 = Release|Any CPU
		{E726A3E6-7D24-4C41-9A5F-31A5F35355B3}.Debug|Any CPU.ActiveCfg = Debug|Any CPU
		{E726A3E6-7D24-4C41-9A5F-31A5F35355B3}.Debug|Any CPU.Build.0 = Debug|Any CPU
		{E726A3E6-7D24-4C41-9A5F-31A5F35355B3}.Release|Any CPU.ActiveCfg = Release|Any CPU
		{E726A3E6-7D24-4C41-9A5F-31A5F35355B3}.Release|Any CPU.Build.0 = Release|Any CPU
	EndGlobalSection
	GlobalSection(SolutionProperties) = preSolution
		HideSolutionNode = FALSE
	EndGlobalSection
EndGlobal
